
Microsoft Visual Studio Solution File, Format Version 12.00
# Visual Studio Version 17
VisualStudioVersion = 17.4.33213.308
MinimumVisualStudioVersion = 10.0.40219.1
Project("{FAE04EC0-301F-11D3-BF4B-00C04F79EFBC}") = "görev-5", "görev-5\görev-5.csproj", "{88068D17-EB9A-4ED1-BFF6-50607B0768DC}"
EndProject
Global
	GlobalSection(SolutionConfigurationPlatforms) = preSolution
		Debug|Any CPU = Debug|Any CPU
		Release|Any CPU = Release|Any CPU
	EndGlobalSection
	GlobalSection(ProjectConfigurationPlatforms) = postSolution
		{88068D17-EB9A-4ED1-BFF6-50607B0768DC}.Debug|Any CPU.ActiveCfg = Debug|Any CPU
		{88068D17-EB9A-4ED1-BFF6-50607B0768DC}.Debug|Any CPU.Build.0 = Debug|Any CPU
		{88068D17-EB9A-4ED1-BFF6-50607B0768DC}.Release|Any CPU.ActiveCfg = Release|Any CPU
		{88068D17-EB9A-4ED1-BFF6-50607B0768DC}.Release|Any CPU.Build.0 = Release|Any CPU
	EndGlobalSection
	GlobalSection(SolutionProperties) = preSolution
		HideSolutionNode = FALSE
	EndGlobalSection
	GlobalSection(ExtensibilityGlobals) = postSolution
		SolutionGuid = {8D7AC716-D4FC-40A9-82AA-962770C0DF18}
	EndGlobalSection
EndGlobal
